
Microsoft Visual Studio Solution File, Format Version 12.00
# Visual Studio Version 17
VisualStudioVersion = 17.13.35931.197
MinimumVisualStudioVersion = 10.0.40219.1
Project("{FAE04EC0-301F-11D3-BF4B-00C04F79EFBC}") = "WebsiteUnoTe", "WebsiteUnoTe\WebsiteUnoTe.csproj", "{2D18700C-ACCE-4B8A-9A9D-9D6B06A598FD}"
EndProject
Project("{2150E333-8FDC-42A3-9474-1A3956D46DE8}") = "Services", "Services", "{02EA681E-C7D8-13C7-8484-4AC65E1B71E8}"
	ProjectSection(SolutionItems) = preProject
		ProductServiceProxy.cs = ProductServiceProxy.cs
		ShoppingCart.cs = ShoppingCart.cs
		ShoppingCartService.cs = ShoppingCartService.cs
	EndProjectSection
EndProject
Project("{2150E333-8FDC-42A3-9474-1A3956D46DE8}") = "Models", "Models", "{265FB426-6B5D-4D89-A1A3-A24779A39B2D}"
	ProjectSection(SolutionItems) = preProject
		Product.cs = Product.cs
	EndProjectSection
EndProject
Project("{2150E333-8FDC-42A3-9474-1A3956D46DE8}") = "ViewModels", "ViewModels", "{96B6D4FA-4444-422E-B3D3-9CEBF1C6F48F}"
	ProjectSection(SolutionItems) = preProject
		CartViewModel.cs = CartViewModel.cs
		InventoryViewModel.cs = InventoryViewModel.cs
		RecieptViewModel.cs = RecieptViewModel.cs
	EndProjectSection
EndProject
Project("{2150E333-8FDC-42A3-9474-1A3956D46DE8}") = "Views", "Views", "{39C9922C-C489-4DBC-824F-1EE4AC045572}"
	ProjectSection(SolutionItems) = preProject
		CartPage.xaml = CartPage.xaml
		CartPage.xaml.cs = CartPage.xaml.cs
		InventoryPage.xaml = InventoryPage.xaml
		InventoryPage.xaml.cs = InventoryPage.xaml.cs
		ReceiptPage.xaml = ReceiptPage.xaml
		ReceiptPage.xaml.cs = ReceiptPage.xaml.cs
	EndProjectSection
EndProject
Global
	GlobalSection(SolutionConfigurationPlatforms) = preSolution
		Debug|Any CPU = Debug|Any CPU
		Release|Any CPU = Release|Any CPU
	EndGlobalSection
	GlobalSection(ProjectConfigurationPlatforms) = postSolution
		{2D18700C-ACCE-4B8A-9A9D-9D6B06A598FD}.Debug|Any CPU.ActiveCfg = Debug|Any CPU
		{2D18700C-ACCE-4B8A-9A9D-9D6B06A598FD}.Debug|Any CPU.Build.0 = Debug|Any CPU
		{2D18700C-ACCE-4B8A-9A9D-9D6B06A598FD}.Release|Any CPU.ActiveCfg = Release|Any CPU
		{2D18700C-ACCE-4B8A-9A9D-9D6B06A598FD}.Release|Any CPU.Build.0 = Release|Any CPU
	EndGlobalSection
	GlobalSection(SolutionProperties) = preSolution
		HideSolutionNode = FALSE
	EndGlobalSection
	GlobalSection(ExtensibilityGlobals) = postSolution
		SolutionGuid = {A65E136C-86D7-4D8E-B347-BF4197FB0DE2}
	EndGlobalSection
EndGlobal
